
Microsoft Visual Studio Solution File, Format Version 12.00
# Visual Studio 14
VisualStudioVersion = 14.0.23107.0
MinimumVisualStudioVersion = 10.0.40219.1
Project("{2150E333-8FDC-42A3-9474-1A3956D46DE8}") = "Common", "Common", "{07E27C78-F5FF-4EB7-A269-28B80094F131}"
EndProject
Project("{2150E333-8FDC-42A3-9474-1A3956D46DE8}") = "Business", "Business", "{DD08D029-C434-47F7-BAA9-E92CF5778C72}"
EndProject
Project("{2150E333-8FDC-42A3-9474-1A3956D46DE8}") = "Web", "Web", "{59FC15A7-C56D-4EC0-90CB-40FADFC7E120}"
EndProject
Project("{2150E333-8FDC-42A3-9474-1A3956D46DE8}") = "Contracts", "Contracts", "{DDDFFA5D-F133-4503-BEC1-6989625C236D}"
EndProject
Project("{2150E333-8FDC-42A3-9474-1A3956D46DE8}") = "Data", "Data", "{6EA37588-DD20-4A9F-99E9-B173BFFA1978}"
EndProject
Project("{FAE04EC0-301F-11D3-BF4B-00C04F79EFBC}") = "StorableObjectsContracts", "StorableObjectsContracts\StorableObjectsContracts.csproj", "{2B2A7FBE-8551-4943-B006-24E3171AA90F}"
EndProject
Project("{FAE04EC0-301F-11D3-BF4B-00C04F79EFBC}") = "DataObjects", "DataObjects\DataObjects.csproj", "{7F42969F-BDDE-46EE-BDDD-A5DD3F42FD99}"
EndProject
Project("{2150E333-8FDC-42A3-9474-1A3956D46DE8}") = "Adapters", "Adapters", "{CA2D2BAA-E131-4A04-B4BE-BF97D1BB58DE}"
EndProject
Project("{FAE04EC0-301F-11D3-BF4B-00C04F79EFBC}") = "CommonDataAdapter", "CommonDataAdapter\CommonDataAdapter.csproj", "{B28B3817-D1A6-44F6-B65E-9EFEC47C490A}"
EndProject
Project("{2150E333-8FDC-42A3-9474-1A3956D46DE8}") = "_debug", "_debug", "{52B47461-8D56-4B12-B4A6-7C938082AB8E}"
EndProject
Project("{2150E333-8FDC-42A3-9474-1A3956D46DE8}") = "Global", "Global", "{6D8017EF-B26B-4719-9A23-53D4B4B1BECC}"
EndProject
Project("{FAE04EC0-301F-11D3-BF4B-00C04F79EFBC}") = "GlobalObjects", "GlobalObjects\GlobalObjects.csproj", "{D7BEAC4D-EF75-4C12-ACA7-B062676D09C6}"
EndProject
Global
	GlobalSection(SolutionConfigurationPlatforms) = preSolution
		Debug|Any CPU = Debug|Any CPU
		Release|Any CPU = Release|Any CPU
	EndGlobalSection
	GlobalSection(ProjectConfigurationPlatforms) = postSolution
		{2B2A7FBE-8551-4943-B006-24E3171AA90F}.Debug|Any CPU.ActiveCfg = Debug|Any CPU
		{2B2A7FBE-8551-4943-B006-24E3171AA90F}.Debug|Any CPU.Build.0 = Debug|Any CPU
		{2B2A7FBE-8551-4943-B006-24E3171AA90F}.Release|Any CPU.ActiveCfg = Release|Any CPU
		{2B2A7FBE-8551-4943-B006-24E3171AA90F}.Release|Any CPU.Build.0 = Release|Any CPU
		{7F42969F-BDDE-46EE-BDDD-A5DD3F42FD99}.Debug|Any CPU.ActiveCfg = Debug|Any CPU
		{7F42969F-BDDE-46EE-BDDD-A5DD3F42FD99}.Debug|Any CPU.Build.0 = Debug|Any CPU
		{7F42969F-BDDE-46EE-BDDD-A5DD3F42FD99}.Release|Any CPU.ActiveCfg = Release|Any CPU
		{7F42969F-BDDE-46EE-BDDD-A5DD3F42FD99}.Release|Any CPU.Build.0 = Release|Any CPU
		{B28B3817-D1A6-44F6-B65E-9EFEC47C490A}.Debug|Any CPU.ActiveCfg = Debug|Any CPU
		{B28B3817-D1A6-44F6-B65E-9EFEC47C490A}.Debug|Any CPU.Build.0 = Debug|Any CPU
		{B28B3817-D1A6-44F6-B65E-9EFEC47C490A}.Release|Any CPU.ActiveCfg = Release|Any CPU
		{B28B3817-D1A6-44F6-B65E-9EFEC47C490A}.Release|Any CPU.Build.0 = Release|Any CPU
		{D7BEAC4D-EF75-4C12-ACA7-B062676D09C6}.Debug|Any CPU.ActiveCfg = Debug|Any CPU
		{D7BEAC4D-EF75-4C12-ACA7-B062676D09C6}.Debug|Any CPU.Build.0 = Debug|Any CPU
		{D7BEAC4D-EF75-4C12-ACA7-B062676D09C6}.Release|Any CPU.ActiveCfg = Release|Any CPU
		{D7BEAC4D-EF75-4C12-ACA7-B062676D09C6}.Release|Any CPU.Build.0 = Release|Any CPU
	EndGlobalSection
	GlobalSection(SolutionProperties) = preSolution
		HideSolutionNode = FALSE
	EndGlobalSection
	GlobalSection(NestedProjects) = preSolution
		{DDDFFA5D-F133-4503-BEC1-6989625C236D} = {07E27C78-F5FF-4EB7-A269-28B80094F131}
		{2B2A7FBE-8551-4943-B006-24E3171AA90F} = {DDDFFA5D-F133-4503-BEC1-6989625C236D}
		{7F42969F-BDDE-46EE-BDDD-A5DD3F42FD99} = {DD08D029-C434-47F7-BAA9-E92CF5778C72}
		{CA2D2BAA-E131-4A04-B4BE-BF97D1BB58DE} = {6EA37588-DD20-4A9F-99E9-B173BFFA1978}
		{B28B3817-D1A6-44F6-B65E-9EFEC47C490A} = {CA2D2BAA-E131-4A04-B4BE-BF97D1BB58DE}
		{6D8017EF-B26B-4719-9A23-53D4B4B1BECC} = {07E27C78-F5FF-4EB7-A269-28B80094F131}
		{D7BEAC4D-EF75-4C12-ACA7-B062676D09C6} = {6D8017EF-B26B-4719-9A23-53D4B4B1BECC}
	EndGlobalSection
EndGlobal
